
Microsoft Visual Studio Solution File, Format Version 12.00
# Visual Studio Version 16
VisualStudioVersion = 16.0.29326.143
MinimumVisualStudioVersion = 10.0.40219.1
Project("{FAE04EC0-301F-11D3-BF4B-00C04F79EFBC}") = "WindowsFormsApp", "WindowsFormsApp\WindowsFormsApp.csproj", "{561DED9F-4FE6-4137-832C-B82E54868FD1}"
EndProject
Project("{FAE04EC0-301F-11D3-BF4B-00C04F79EFBC}") = "ConsoleApp", "ConsoleApp\ConsoleApp.csproj", "{537C34EB-2FF1-4E9E-9977-F8F3438BC449}"
EndProject
Project("{FAE04EC0-301F-11D3-BF4B-00C04F79EFBC}") = "ChatLibrary", "ChatLibrary\ChatLibrary.csproj", "{6B79CB13-0C46-4E1E-BD8B-5D58585067DB}"
EndProject
Global
	GlobalSection(SolutionConfigurationPlatforms) = preSolution
		Debug|Any CPU = Debug|Any CPU
		Release|Any CPU = Release|Any CPU
	EndGlobalSection
	GlobalSection(ProjectConfigurationPlatforms) = postSolution
		{561DED9F-4FE6-4137-832C-B82E54868FD1}.Debug|Any CPU.ActiveCfg = Debug|Any CPU
		{561DED9F-4FE6-4137-832C-B82E54868FD1}.Debug|Any CPU.Build.0 = Debug|Any CPU
		{561DED9F-4FE6-4137-832C-B82E54868FD1}.Release|Any CPU.ActiveCfg = Release|Any CPU
		{561DED9F-4FE6-4137-832C-B82E54868FD1}.Release|Any CPU.Build.0 = Release|Any CPU
		{537C34EB-2FF1-4E9E-9977-F8F3438BC449}.Debug|Any CPU.ActiveCfg = Debug|Any CPU
		{537C34EB-2FF1-4E9E-9977-F8F3438BC449}.Debug|Any CPU.Build.0 = Debug|Any CPU
		{537C34EB-2FF1-4E9E-9977-F8F3438BC449}.Release|Any CPU.ActiveCfg = Release|Any CPU
		{537C34EB-2FF1-4E9E-9977-F8F3438BC449}.Release|Any CPU.Build.0 = Release|Any CPU
		{6B79CB13-0C46-4E1E-BD8B-5D58585067DB}.Debug|Any CPU.ActiveCfg = Debug|Any CPU
		{6B79CB13-0C46-4E1E-BD8B-5D58585067DB}.Debug|Any CPU.Build.0 = Debug|Any CPU
		{6B79CB13-0C46-4E1E-BD8B-5D58585067DB}.Release|Any CPU.ActiveCfg = Release|Any CPU
		{6B79CB13-0C46-4E1E-BD8B-5D58585067DB}.Release|Any CPU.Build.0 = Release|Any CPU
	EndGlobalSection
	GlobalSection(SolutionProperties) = preSolution
		HideSolutionNode = FALSE
	EndGlobalSection
	GlobalSection(ExtensibilityGlobals) = postSolution
		SolutionGuid = {FC6AD3C7-92A6-485C-B555-DF5B9D4052BC}
	EndGlobalSection
EndGlobal
